Microsoft Visual Studio Solution File, Format Version 12.00
# Visual Studio Version 17
VisualStudioVersion = 17.5.2.0
MinimumVisualStudioVersion = 10.0.40219.1
Project("{FAE04EC0-301F-11D3-BF4B-00C04F79EFBC}") = "Animals", "Animals.csproj", "{C16305B6-FD43-B6EB-0222-1A8C21FAD0F0}"
EndProject
Project("{FAE04EC0-301F-11D3-BF4B-00C04F79EFBC}") = "ClassTraining", "..\ClassTraining\ClassTraining.csproj", "{0FA9FCC2-9C9B-4D01-A89C-93E435C2BFA4}"
EndProject
Global
	GlobalSection(SolutionConfigurationPlatforms) = preSolution
		Debug|Any CPU = Debug|Any CPU
		Release|Any CPU = Release|Any CPU
	EndGlobalSection
	GlobalSection(ProjectConfigurationPlatforms) = postSolution
		{C16305B6-FD43-B6EB-0222-1A8C21FAD0F0}.Debug|Any CPU.ActiveCfg = Debug|Any CPU
		{C16305B6-FD43-B6EB-0222-1A8C21FAD0F0}.Debug|Any CPU.Build.0 = Debug|Any CPU
		{C16305B6-FD43-B6EB-0222-1A8C21FAD0F0}.Release|Any CPU.ActiveCfg = Release|Any CPU
		{C16305B6-FD43-B6EB-0222-1A8C21FAD0F0}.Release|Any CPU.Build.0 = Release|Any CPU
		{0FA9FCC2-9C9B-4D01-A89C-93E435C2BFA4}.Debug|Any CPU.ActiveCfg = Debug|Any CPU
		{0FA9FCC2-9C9B-4D01-A89C-93E435C2BFA4}.Debug|Any CPU.Build.0 = Debug|Any CPU
		{0FA9FCC2-9C9B-4D01-A89C-93E435C2BFA4}.Release|Any CPU.ActiveCfg = Release|Any CPU
		{0FA9FCC2-9C9B-4D01-A89C-93E435C2BFA4}.Release|Any CPU.Build.0 = Release|Any CPU
	EndGlobalSection
	GlobalSection(SolutionProperties) = preSolution
		HideSolutionNode = FALSE
	EndGlobalSection
	GlobalSection(ExtensibilityGlobals) = postSolution
		SolutionGuid = {BF7A730A-18C1-42FC-93BB-80CF6D6121A2}
	EndGlobalSection
EndGlobal
